
Microsoft Visual Studio Solution File, Format Version 12.00
# Visual Studio Version 16
VisualStudioVersion = 16.0.32106.194
MinimumVisualStudioVersion = 10.0.40219.1
Project("{FAE04EC0-301F-11D3-BF4B-00C04F79EFBC}") = "DivisorsOfNumbers.Negocio", "DivisorsOfNumbers.Negocio\DivisorsOfNumbers.Negocio.csproj", "{5C7275C2-4AB7-4DEB-AFBD-42144FD199B3}"
EndProject
Project("{FAE04EC0-301F-11D3-BF4B-00C04F79EFBC}") = "ConsoleApp", "ConsoleApp\ConsoleApp.csproj", "{63A493C5-6E7D-4F98-A275-D60E660053B6}"
EndProject
Project("{FAE04EC0-301F-11D3-BF4B-00C04F79EFBC}") = "DivisorsOfNumbers.TestesNegocio", "DivisorsOfNumbers.TestesNegocio\DivisorsOfNumbers.TestesNegocio.csproj", "{EF6652DC-4B05-43C9-B300-BEC6A7FC40EA}"
EndProject
Project("{FAE04EC0-301F-11D3-BF4B-00C04F79EFBC}") = "DivisorsOfNumbers.GrpcService", "DivisorsOfNumbers.GrpcService\DivisorsOfNumbers.GrpcService.csproj", "{836D4C00-82FD-4837-B2C3-510396600C56}"
EndProject
Project("{FAE04EC0-301F-11D3-BF4B-00C04F79EFBC}") = "ConsoleAppGrpcClient", "ConsoleAppGrpcClient\ConsoleAppGrpcClient.csproj", "{A6A46787-6F17-4E44-8036-2E8AF1AFFAB0}"
EndProject
Global
	GlobalSection(SolutionConfigurationPlatforms) = preSolution
		Debug|Any CPU = Debug|Any CPU
		Release|Any CPU = Release|Any CPU
	EndGlobalSection
	GlobalSection(ProjectConfigurationPlatforms) = postSolution
		{5C7275C2-4AB7-4DEB-AFBD-42144FD199B3}.Debug|Any CPU.ActiveCfg = Debug|Any CPU
		{5C7275C2-4AB7-4DEB-AFBD-42144FD199B3}.Debug|Any CPU.Build.0 = Debug|Any CPU
		{5C7275C2-4AB7-4DEB-AFBD-42144FD199B3}.Release|Any CPU.ActiveCfg = Release|Any CPU
		{5C7275C2-4AB7-4DEB-AFBD-42144FD199B3}.Release|Any CPU.Build.0 = Release|Any CPU
		{63A493C5-6E7D-4F98-A275-D60E660053B6}.Debug|Any CPU.ActiveCfg = Debug|Any CPU
		{63A493C5-6E7D-4F98-A275-D60E660053B6}.Debug|Any CPU.Build.0 = Debug|Any CPU
		{63A493C5-6E7D-4F98-A275-D60E660053B6}.Release|Any CPU.ActiveCfg = Release|Any CPU
		{63A493C5-6E7D-4F98-A275-D60E660053B6}.Release|Any CPU.Build.0 = Release|Any CPU
		{EF6652DC-4B05-43C9-B300-BEC6A7FC40EA}.Debug|Any CPU.ActiveCfg = Debug|Any CPU
		{EF6652DC-4B05-43C9-B300-BEC6A7FC40EA}.Debug|Any CPU.Build.0 = Debug|Any CPU
		{EF6652DC-4B05-43C9-B300-BEC6A7FC40EA}.Release|Any CPU.ActiveCfg = Release|Any CPU
		{EF6652DC-4B05-43C9-B300-BEC6A7FC40EA}.Release|Any CPU.Build.0 = Release|Any CPU
		{836D4C00-82FD-4837-B2C3-510396600C56}.Debug|Any CPU.ActiveCfg = Debug|Any CPU
		{836D4C00-82FD-4837-B2C3-510396600C56}.Debug|Any CPU.Build.0 = Debug|Any CPU
		{836D4C00-82FD-4837-B2C3-510396600C56}.Release|Any CPU.ActiveCfg = Release|Any CPU
		{836D4C00-82FD-4837-B2C3-510396600C56}.Release|Any CPU.Build.0 = Release|Any CPU
		{A6A46787-6F17-4E44-8036-2E8AF1AFFAB0}.Debug|Any CPU.ActiveCfg = Debug|Any CPU
		{A6A46787-6F17-4E44-8036-2E8AF1AFFAB0}.Debug|Any CPU.Build.0 = Debug|Any CPU
		{A6A46787-6F17-4E44-8036-2E8AF1AFFAB0}.Release|Any CPU.ActiveCfg = Release|Any CPU
		{A6A46787-6F17-4E44-8036-2E8AF1AFFAB0}.Release|Any CPU.Build.0 = Release|Any CPU
	EndGlobalSection
	GlobalSection(SolutionProperties) = preSolution
		HideSolutionNode = FALSE
	EndGlobalSection
	GlobalSection(ExtensibilityGlobals) = postSolution
		SolutionGuid = {56D6DD10-8DCA-45AC-B585-9A5D4E3BF609}
	EndGlobalSection
EndGlobal
